
Microsoft Visual Studio Solution File, Format Version 12.00
# Visual Studio Version 17
VisualStudioVersion = 17.5.002.0
MinimumVisualStudioVersion = 10.0.40219.1
Project("{9A19103F-16F7-4668-BE54-9A1E7A4F7556}") = "Ejemplos", "Ejemplos.csproj", "{FD46FE6D-97E1-4486-9E43-53F1AC0A08AB}"
EndProject
Global
	GlobalSection(SolutionConfigurationPlatforms) = preSolution
		Debug|Any CPU = Debug|Any CPU
		Release|Any CPU = Release|Any CPU
	EndGlobalSection
	GlobalSection(ProjectConfigurationPlatforms) = postSolution
		{FD46FE6D-97E1-4486-9E43-53F1AC0A08AB}.Debug|Any CPU.ActiveCfg = Debug|Any CPU
		{FD46FE6D-97E1-4486-9E43-53F1AC0A08AB}.Debug|Any CPU.Build.0 = Debug|Any CPU
		{FD46FE6D-97E1-4486-9E43-53F1AC0A08AB}.Release|Any CPU.ActiveCfg = Release|Any CPU
		{FD46FE6D-97E1-4486-9E43-53F1AC0A08AB}.Release|Any CPU.Build.0 = Release|Any CPU
	EndGlobalSection
	GlobalSection(SolutionProperties) = preSolution
		HideSolutionNode = FALSE
	EndGlobalSection
	GlobalSection(ExtensibilityGlobals) = postSolution
		SolutionGuid = {28C44BAD-6E66-4E6C-8365-9CAC4495B5AC}
	EndGlobalSection
EndGlobal
